
Microsoft Visual Studio Solution File, Format Version 12.00
# Visual Studio 15
VisualStudioVersion = 15.0.28010.2036
MinimumVisualStudioVersion = 10.0.40219.1
Project("{FAE04EC0-301F-11D3-BF4B-00C04F79EFBC}") = "SmartRecipies.Backend", "SmartRecipies.Backend\SmartRecipies.Backend.csproj", "{CDA0D664-7F54-47E8-8044-2705B8461AFC}"
EndProject
Global
	GlobalSection(SolutionConfigurationPlatforms) = preSolution
		Debug|Any CPU = Debug|Any CPU
		Release|Any CPU = Release|Any CPU
	EndGlobalSection
	GlobalSection(ProjectConfigurationPlatforms) = postSolution
		{CDA0D664-7F54-47E8-8044-2705B8461AFC}.Debug|Any CPU.ActiveCfg = Debug|Any CPU
		{CDA0D664-7F54-47E8-8044-2705B8461AFC}.Debug|Any CPU.Build.0 = Debug|Any CPU
		{CDA0D664-7F54-47E8-8044-2705B8461AFC}.Release|Any CPU.ActiveCfg = Release|Any CPU
		{CDA0D664-7F54-47E8-8044-2705B8461AFC}.Release|Any CPU.Build.0 = Release|Any CPU
	EndGlobalSection
	GlobalSection(SolutionProperties) = preSolution
		HideSolutionNode = FALSE
	EndGlobalSection
	GlobalSection(ExtensibilityGlobals) = postSolution
		SolutionGuid = {F426BB61-5720-4F66-83EB-E7A990951C66}
	EndGlobalSection
EndGlobal
